
Microsoft Visual Studio Solution File, Format Version 12.00
# Visual Studio 15
Project("{FAE04EC0-301F-11D3-BF4B-00C04F79EFBC}") = "VuforiaScripts", "VuforiaScripts.csproj", "{6E6831A5-F8C0-C4B9-2959-4DD5375EC0DC}"
EndProject
Project("{FAE04EC0-301F-11D3-BF4B-00C04F79EFBC}") = "Assembly-CSharp", "Assembly-CSharp.csproj", "{43CBE62C-5565-7FF5-8B98-88C030C085C5}"
EndProject
Project("{FAE04EC0-301F-11D3-BF4B-00C04F79EFBC}") = "VuforiaEditorScripts", "VuforiaEditorScripts.csproj", "{F121F45A-7D61-F74D-C412-F41D021C3047}"
EndProject
Global
	GlobalSection(SolutionConfigurationPlatforms) = preSolution
		Debug|Any CPU = Debug|Any CPU
		Release|Any CPU = Release|Any CPU
	EndGlobalSection
	GlobalSection(ProjectConfigurationPlatforms) = postSolution
		{6E6831A5-F8C0-C4B9-2959-4DD5375EC0DC}.Debug|Any CPU.ActiveCfg = Debug|Any CPU
		{6E6831A5-F8C0-C4B9-2959-4DD5375EC0DC}.Debug|Any CPU.Build.0 = Debug|Any CPU
		{6E6831A5-F8C0-C4B9-2959-4DD5375EC0DC}.Release|Any CPU.ActiveCfg = Release|Any CPU
		{6E6831A5-F8C0-C4B9-2959-4DD5375EC0DC}.Release|Any CPU.Build.0 = Release|Any CPU
		{43CBE62C-5565-7FF5-8B98-88C030C085C5}.Debug|Any CPU.ActiveCfg = Debug|Any CPU
		{43CBE62C-5565-7FF5-8B98-88C030C085C5}.Debug|Any CPU.Build.0 = Debug|Any CPU
		{43CBE62C-5565-7FF5-8B98-88C030C085C5}.Release|Any CPU.ActiveCfg = Release|Any CPU
		{43CBE62C-5565-7FF5-8B98-88C030C085C5}.Release|Any CPU.Build.0 = Release|Any CPU
		{F121F45A-7D61-F74D-C412-F41D021C3047}.Debug|Any CPU.ActiveCfg = Debug|Any CPU
		{F121F45A-7D61-F74D-C412-F41D021C3047}.Debug|Any CPU.Build.0 = Debug|Any CPU
		{F121F45A-7D61-F74D-C412-F41D021C3047}.Release|Any CPU.ActiveCfg = Release|Any CPU
		{F121F45A-7D61-F74D-C412-F41D021C3047}.Release|Any CPU.Build.0 = Release|Any CPU
	EndGlobalSection
	GlobalSection(SolutionProperties) = preSolution
		HideSolutionNode = FALSE
	EndGlobalSection
EndGlobal
